// !$*UTF8*$!
{
	archiveVersion = 1;
	classes = {
	};
	objectVersion = 46;
	objects = {

/* Begin PBXBuildFile section */
		938E56FF1B7B469700F8E747 /* VerticalLayoutDynamicViewController.m in Sources */ = {isa = PBXBuildFile; fileRef = 938E56FE1B7B469700F8E747 /* VerticalLayoutDynamicViewController.m */; };
		938E57221B7B5D9000F8E747 /* FIDynamicViewController.framework in Frameworks */ = {isa = PBXBuildFile; fileRef = 938E57211B7B5D9000F8E747 /* FIDynamicViewController.framework */; };
		93DB57551B7A0D320044E42C /* main.m in Sources */ = {isa = PBXBuildFile; fileRef = 93DB57541B7A0D320044E42C /* main.m */; };
		93DB57581B7A0D320044E42C /* AppDelegate.m in Sources */ = {isa = PBXBuildFile; fileRef = 93DB57571B7A0D320044E42C /* AppDelegate.m */; };
		93DB575B1B7A0D320044E42C /* ViewController.m in Sources */ = {isa = PBXBuildFile; fileRef = 93DB575A1B7A0D320044E42C /* ViewController.m */; };
		93DB575E1B7A0D320044E42C /* Main.storyboard in Resources */ = {isa = PBXBuildFile; fileRef = 93DB575C1B7A0D320044E42C /* Main.storyboard */; };
		93DB57601B7A0D320044E42C /* Images.xcassets in Resources */ = {isa = PBXBuildFile; fileRef = 93DB575F1B7A0D320044E42C /* Images.xcassets */; };
		93DB57631B7A0D320044E42C /* LaunchScreen.xib in Resources */ = {isa = PBXBuildFile; fileRef = 93DB57611B7A0D320044E42C /* LaunchScreen.xib */; };
		93DB576F1B7A0D320044E42C /* FIDynamicViewController_ExampleTests.m in Sources */ = {isa = PBXBuildFile; fileRef = 93DB576E1B7A0D320044E42C /* FIDynamicViewController_ExampleTests.m */; };
		93DB577C1B7A0E990044E42C /* Sub1ViewController.m in Sources */ = {isa = PBXBuildFile; fileRef = 93DB577B1B7A0E990044E42C /* Sub1ViewController.m */; };
		93DB577F1B7A0F890044E42C /* DynamicViewController.m in Sources */ = {isa = PBXBuildFile; fileRef = 93DB577E1B7A0F890044E42C /* DynamicViewController.m */; };
		93DB57821B7A0FF10044E42C /* Sub2ViewController.m in Sources */ = {isa = PBXBuildFile; fileRef = 93DB57811B7A0FF10044E42C /* Sub2ViewController.m */; };
		93DB57851B7A100A0044E42C /* Sub3ViewController.m in Sources */ = {isa = PBXBuildFile; fileRef = 93DB57841B7A100A0044E42C /* Sub3ViewController.m */; };
		93DB57881B7A103B0044E42C /* DynamicPresenter.m in Sources */ = {isa = PBXBuildFile; fileRef = 93DB57871B7A103B0044E42C /* DynamicPresenter.m */; };
/* End PBXBuildFile section */

/* Begin PBXContainerItemProxy section */
		93DB57691B7A0D320044E42C /* PBXContainerItemProxy */ = {
			isa = PBXContainerItemProxy;
			containerPortal = 93DB57471B7A0D320044E42C /* Project object */;
			proxyType = 1;
			remoteGlobalIDString = 93DB574E1B7A0D320044E42C;
			remoteInfo = "FIDynamicViewController-Example";
		};
/* End PBXContainerItemProxy section */

/* Begin PBXFileReference section */
		938E56FD1B7B469700F8E747 /* VerticalLayoutDynamicViewController.h */ = {isa = PBXFileReference; fileEncoding = 4; lastKnownFileType = sourcecode.c.h; path = VerticalLayoutDynamicViewController.h; sourceTree = "<group>"; };
		938E56FE1B7B469700F8E747 /* VerticalLayoutDynamicViewController.m */ = {isa = PBXFileReference; fileEncoding = 4; lastKnownFileType = sourcecode.c.objc; path = VerticalLayoutDynamicViewController.m; sourceTree = "<group>"; };
		938E57211B7B5D9000F8E747 /* FIDynamicViewController.framework */ = {isa = PBXFileReference; lastKnownFileType = wrapper.framework; path = FIDynamicViewController.framework; sourceTree = "<group>"; };
		93DB574F1B7A0D320044E42C /* FIDynamicViewController-Example.app */ = {isa = PBXFileReference; explicitFileType = wrapper.application; includeInIndex = 0; path = "FIDynamicViewController-Example.app"; sourceTree = BUILT_PRODUCTS_DIR; };
		93DB57531B7A0D320044E42C /* Info.plist */ = {isa = PBXFileReference; lastKnownFileType = text.plist.xml; path = Info.plist; sourceTree = "<group>"; };
		93DB57541B7A0D320044E42C /* main.m */ = {isa = PBXFileReference; lastKnownFileType = sourcecode.c.objc; path = main.m; sourceTree = "<group>"; };
		93DB57561B7A0D320044E42C /* AppDelegate.h */ = {isa = PBXFileReference; lastKnownFileType = sourcecode.c.h; path = AppDelegate.h; sourceTree = "<group>"; };
		93DB57571B7A0D320044E42C /* AppDelegate.m */ = {isa = PBXFileReference; lastKnownFileType = sourcecode.c.objc; path = AppDelegate.m; sourceTree = "<group>"; };
		93DB57591B7A0D320044E42C /* ViewController.h */ = {isa = PBXFileReference; lastKnownFileType = sourcecode.c.h; path = ViewController.h; sourceTree = "<group>"; };
		93DB575A1B7A0D320044E42C /* ViewController.m */ = {isa = PBXFileReference; lastKnownFileType = sourcecode.c.objc; path = ViewController.m; sourceTree = "<group>"; };
		93DB575D1B7A0D320044E42C /* Base */ = {isa = PBXFileReference; lastKnownFileType = file.storyboard; name = Base; path = Base.lproj/Main.storyboard; sourceTree = "<group>"; };
		93DB575F1B7A0D320044E42C /* Images.xcassets */ = {isa = PBXFileReference; lastKnownFileType = folder.assetcatalog; path = Images.xcassets; sourceTree = "<group>"; };
		93DB57621B7A0D320044E42C /* Base */ = {isa = PBXFileReference; lastKnownFileType = file.xib; name = Base; path = Base.lproj/LaunchScreen.xib; sourceTree = "<group>"; };
		93DB57681B7A0D320044E42C /* FIDynamicViewController-ExampleTests.xctest */ = {isa = PBXFileReference; explicitFileType = wrapper.cfbundle; includeInIndex = 0; path = "FIDynamicViewController-ExampleTests.xctest"; sourceTree = BUILT_PRODUCTS_DIR; };
		93DB576D1B7A0D320044E42C /* Info.plist */ = {isa = PBXFileReference; lastKnownFileType = text.plist.xml; path = Info.plist; sourceTree = "<group>"; };
		93DB576E1B7A0D320044E42C /* FIDynamicViewController_ExampleTests.m */ = {isa = PBXFileReference; lastKnownFileType = sourcecode.c.objc; path = FIDynamicViewController_ExampleTests.m; sourceTree = "<group>"; };
		93DB577A1B7A0E990044E42C /* Sub1ViewController.h */ = {isa = PBXFileReference; fileEncoding = 4; lastKnownFileType = sourcecode.c.h; path = Sub1ViewController.h; sourceTree = "<group>"; };
		93DB577B1B7A0E990044E42C /* Sub1ViewController.m */ = {isa = PBXFileReference; fileEncoding = 4; lastKnownFileType = sourcecode.c.objc; path = Sub1ViewController.m; sourceTree = "<group>"; };
		93DB577D1B7A0F890044E42C /* DynamicViewController.h */ = {isa = PBXFileReference; fileEncoding = 4; lastKnownFileType = sourcecode.c.h; path = DynamicViewController.h; sourceTree = "<group>"; };
		93DB577E1B7A0F890044E42C /* DynamicViewController.m */ = {isa = PBXFileReference; fileEncoding = 4; lastKnownFileType = sourcecode.c.objc; path = DynamicViewController.m; sourceTree = "<group>"; };
		93DB57801B7A0FF10044E42C /* Sub2ViewController.h */ = {isa = PBXFileReference; fileEncoding = 4; lastKnownFileType = sourcecode.c.h; path = Sub2ViewController.h; sourceTree = "<group>"; };
		93DB57811B7A0FF10044E42C /* Sub2ViewController.m */ = {isa = PBXFileReference; fileEncoding = 4; lastKnownFileType = sourcecode.c.objc; path = Sub2ViewController.m; sourceTree = "<group>"; };
		93DB57831B7A100A0044E42C /* Sub3ViewController.h */ = {isa = PBXFileReference; fileEncoding = 4; lastKnownFileType = sourcecode.c.h; path = Sub3ViewController.h; sourceTree = "<group>"; };
		93DB57841B7A100A0044E42C /* Sub3ViewController.m */ = {isa = PBXFileReference; fileEncoding = 4; lastKnownFileType = sourcecode.c.objc; path = Sub3ViewController.m; sourceTree = "<group>"; };
		93DB57861B7A103B0044E42C /* DynamicPresenter.h */ = {isa = PBXFileReference; fileEncoding = 4; lastKnownFileType = sourcecode.c.h; path = DynamicPresenter.h; sourceTree = "<group>"; };
		93DB57871B7A103B0044E42C /* DynamicPresenter.m */ = {isa = PBXFileReference; fileEncoding = 4; lastKnownFileType = sourcecode.c.objc; path = DynamicPresenter.m; sourceTree = "<group>"; };
/* End PBXFileReference section */

/* Begin PBXFrameworksBuildPhase section */
		93DB574C1B7A0D320044E42C /* Frameworks */ = {
			isa = PBXFrameworksBuildPhase;
			buildActionMask = 2147483647;
			files = (
				938E57221B7B5D9000F8E747 /* FIDynamicViewController.framework in Frameworks */,
			);
			runOnlyForDeploymentPostprocessing = 0;
		};
		93DB57651B7A0D320044E42C /* Frameworks */ = {
			isa = PBXFrameworksBuildPhase;
			buildActionMask = 2147483647;
			files = (
			);
			runOnlyForDeploymentPostprocessing = 0;
		};
/* End PBXFrameworksBuildPhase section */

/* Begin PBXGroup section */
		938E56FC1B7B466700F8E747 /* VerticalLayoutDynamicViewController */ = {
			isa = PBXGroup;
			children = (
				938E56FD1B7B469700F8E747 /* VerticalLayoutDynamicViewController.h */,
				938E56FE1B7B469700F8E747 /* VerticalLayoutDynamicViewController.m */,
			);
			name = VerticalLayoutDynamicViewController;
			sourceTree = "<group>";
		};
		93DB57461B7A0D320044E42C = {
			isa = PBXGroup;
			children = (
				938E57211B7B5D9000F8E747 /* FIDynamicViewController.framework */,
				93DB57511B7A0D320044E42C /* FIDynamicViewController-Example */,
				93DB576B1B7A0D320044E42C /* FIDynamicViewController-ExampleTests */,
				93DB57501B7A0D320044E42C /* Products */,
			);
			sourceTree = "<group>";
		};
		93DB57501B7A0D320044E42C /* Products */ = {
			isa = PBXGroup;
			children = (
				93DB574F1B7A0D320044E42C /* FIDynamicViewController-Example.app */,
				93DB57681B7A0D320044E42C /* FIDynamicViewController-ExampleTests.xctest */,
			);
			name = Products;
			sourceTree = "<group>";
		};
		93DB57511B7A0D320044E42C /* FIDynamicViewController-Example */ = {
			isa = PBXGroup;
			children = (
				93DB57561B7A0D320044E42C /* AppDelegate.h */,
				93DB57571B7A0D320044E42C /* AppDelegate.m */,
				93DB57591B7A0D320044E42C /* ViewController.h */,
				93DB575A1B7A0D320044E42C /* ViewController.m */,
				93DB57861B7A103B0044E42C /* DynamicPresenter.h */,
				93DB57871B7A103B0044E42C /* DynamicPresenter.m */,
				93DB577D1B7A0F890044E42C /* DynamicViewController.h */,
				93DB577E1B7A0F890044E42C /* DynamicViewController.m */,
				93DB577A1B7A0E990044E42C /* Sub1ViewController.h */,
				93DB577B1B7A0E990044E42C /* Sub1ViewController.m */,
				93DB57801B7A0FF10044E42C /* Sub2ViewController.h */,
				93DB57811B7A0FF10044E42C /* Sub2ViewController.m */,
				93DB57831B7A100A0044E42C /* Sub3ViewController.h */,
				93DB57841B7A100A0044E42C /* Sub3ViewController.m */,
				938E56FC1B7B466700F8E747 /* VerticalLayoutDynamicViewController */,
				93DB575C1B7A0D320044E42C /* Main.storyboard */,
				93DB575F1B7A0D320044E42C /* Images.xcassets */,
				93DB57611B7A0D320044E42C /* LaunchScreen.xib */,
				93DB57521B7A0D320044E42C /* Supporting Files */,
			);
			path = "FIDynamicViewController-Example";
			sourceTree = "<group>";
		};
		93DB57521B7A0D320044E42C /* Supporting Files */ = {
			isa = PBXGroup;
			children = (
				93DB57531B7A0D320044E42C /* Info.plist */,
				93DB57541B7A0D320044E42C /* main.m */,
			);
			name = "Supporting Files";
			sourceTree = "<group>";
		};
		93DB576B1B7A0D320044E42C /* FIDynamicViewController-ExampleTests */ = {
			isa = PBXGroup;
			children = (
				93DB576E1B7A0D320044E42C /* FIDynamicViewController_ExampleTests.m */,
				93DB576C1B7A0D320044E42C /* Supporting Files */,
			);
			path = "FIDynamicViewController-ExampleTests";
			sourceTree = "<group>";
		};
		93DB576C1B7A0D320044E42C /* Supporting Files */ = {
			isa = PBXGroup;
			children = (
				93DB576D1B7A0D320044E42C /* Info.plist */,
			);
			name = "Supporting Files";
			sourceTree = "<group>";
		};
/* End PBXGroup section */

/* Begin PBXNativeTarget section */
		93DB574E1B7A0D320044E42C /* FIDynamicViewController-Example */ = {
			isa = PBXNativeTarget;
			buildConfigurationList = 93DB57721B7A0D320044E42C /* Build configuration list for PBXNativeTarget "FIDynamicViewController-Example" */;
			buildPhases = (
				93DB574B1B7A0D320044E42C /* Sources */,
				93DB574C1B7A0D320044E42C /* Frameworks */,
				93DB574D1B7A0D320044E42C /* Resources */,
			);
			buildRules = (
			);
			dependencies = (
			);
			name = "FIDynamicViewController-Example";
			productName = "FIDynamicViewController-Example";
			productReference = 93DB574F1B7A0D320044E42C /* FIDynamicViewController-Example.app */;
			productType = "com.apple.product-type.application";
		};
		93DB57671B7A0D320044E42C /* FIDynamicViewController-ExampleTests */ = {
			isa = PBXNativeTarget;
			buildConfigurationList = 93DB57751B7A0D320044E42C /* Build configuration list for PBXNativeTarget "FIDynamicViewController-ExampleTests" */;
			buildPhases = (
				93DB57641B7A0D320044E42C /* Sources */,
				93DB57651B7A0D320044E42C /* Frameworks */,
				93DB57661B7A0D320044E42C /* Resources */,
			);
			buildRules = (
			);
			dependencies = (
				93DB576A1B7A0D320044E42C /* PBXTargetDependency */,
			);
			name = "FIDynamicViewController-ExampleTests";
			productName = "FIDynamicViewController-ExampleTests";
			productReference = 93DB57681B7A0D320044E42C /* FIDynamicViewController-ExampleTests.xctest */;
			productType = "com.apple.product-type.bundle.unit-test";
		};
/* End PBXNativeTarget section */

/* Begin PBXProject section */
		93DB57471B7A0D320044E42C /* Project object */ = {
			isa = PBXProject;
			attributes = {
				LastUpgradeCheck = 0640;
				ORGANIZATIONNAME = "NGUYEN CHI CONG";
				TargetAttributes = {
					93DB574E1B7A0D320044E42C = {
						CreatedOnToolsVersion = 6.4;
					};
					93DB57671B7A0D320044E42C = {
						CreatedOnToolsVersion = 6.4;
						TestTargetID = 93DB574E1B7A0D320044E42C;
					};
				};
			};
			buildConfigurationList = 93DB574A1B7A0D320044E42C /* Build configuration list for PBXProject "FIDynamicViewController-Example" */;
			compatibilityVersion = "Xcode 3.2";
			developmentRegion = English;
			hasScannedForEncodings = 0;
			knownRegions = (
				en,
				Base,
			);
			mainGroup = 93DB57461B7A0D320044E42C;
			productRefGroup = 93DB57501B7A0D320044E42C /* Products */;
			projectDirPath = "";
			projectRoot = "";
			targets = (
				93DB574E1B7A0D320044E42C /* FIDynamicViewController-Example */,
				93DB57671B7A0D320044E42C /* FIDynamicViewController-ExampleTests */,
			);
		};
/* End PBXProject section */

/* Begin PBXResourcesBuildPhase section */
		93DB574D1B7A0D320044E42C /* Resources */ = {
			isa = PBXResourcesBuildPhase;
			buildActionMask = 2147483647;
			files = (
				93DB575E1B7A0D320044E42C /* Main.storyboard in Resources */,
				93DB57631B7A0D320044E42C /* LaunchScreen.xib in Resources */,
				93DB57601B7A0D320044E42C /* Images.xcassets in Resources */,
			);
			runOnlyForDeploymentPostprocessing = 0;
		};
		93DB57661B7A0D320044E42C /* Resources */ = {
			isa = PBXResourcesBuildPhase;
			buildActionMask = 2147483647;
			files = (
			);
			runOnlyForDeploymentPostprocessing = 0;
		};
/* End PBXResourcesBuildPhase section */

/* Begin PBXSourcesBuildPhase section */
		93DB574B1B7A0D320044E42C /* Sources */ = {
			isa = PBXSourcesBuildPhase;
			buildActionMask = 2147483647;
			files = (
				93DB57821B7A0FF10044E42C /* Sub2ViewController.m in Sources */,
				93DB577F1B7A0F890044E42C /* DynamicViewController.m in Sources */,
				93DB57881B7A103B0044E42C /* DynamicPresenter.m in Sources */,
				938E56FF1B7B469700F8E747 /* VerticalLayoutDynamicViewController.m in Sources */,
				93DB575B1B7A0D320044E42C /* ViewController.m in Sources */,
				93DB577C1B7A0E990044E42C /* Sub1ViewController.m in Sources */,
				93DB57581B7A0D320044E42C /* AppDelegate.m in Sources */,
				93DB57551B7A0D320044E42C /* main.m in Sources */,
				93DB57851B7A100A0044E42C /* Sub3ViewController.m in Sources */,
			);
			runOnlyForDeploymentPostprocessing = 0;
		};
		93DB57641B7A0D320044E42C /* Sources */ = {
			isa = PBXSourcesBuildPhase;
			buildActionMask = 2147483647;
			files = (
				93DB576F1B7A0D320044E42C /* FIDynamicViewController_ExampleTests.m in Sources */,
			);
			runOnlyForDeploymentPostprocessing = 0;
		};
/* End PBXSourcesBuildPhase section */

/* Begin PBXTargetDependency section */
		93DB576A1B7A0D320044E42C /* PBXTargetDependency */ = {
			isa = PBXTargetDependency;
			target = 93DB574E1B7A0D320044E42C /* FIDynamicViewController-Example */;
			targetProxy = 93DB57691B7A0D320044E42C /* PBXContainerItemProxy */;
		};
/* End PBXTargetDependency section */

/* Begin PBXVariantGroup section */
		93DB575C1B7A0D320044E42C /* Main.storyboard */ = {
			isa = PBXVariantGroup;
			children = (
				93DB575D1B7A0D320044E42C /* Base */,
			);
			name = Main.storyboard;
			sourceTree = "<group>";
		};
		93DB57611B7A0D320044E42C /* LaunchScreen.xib */ = {
			isa = PBXVariantGroup;
			children = (
				93DB57621B7A0D320044E42C /* Base */,
			);
			name = LaunchScreen.xib;
			sourceTree = "<group>";
		};
/* End PBXVariantGroup section */

/* Begin XCBuildConfiguration section */
		93DB57701B7A0D320044E42C /* Debug */ = {
			isa = XCBuildConfiguration;
			buildSettings = {
				ALWAYS_SEARCH_USER_PATHS = NO;
				CLANG_CXX_LANGUAGE_STANDARD = "gnu++0x";
				CLANG_CXX_LIBRARY = "libc++";
				CLANG_ENABLE_MODULES = YES;
				CLANG_ENABLE_OBJC_ARC = YES;
				CLANG_WARN_BOOL_CONVERSION = YES;
				CLANG_WARN_CONSTANT_CONVERSION = YES;
				CLANG_WARN_DIRECT_OBJC_ISA_USAGE = YES_ERROR;
				CLANG_WARN_EMPTY_BODY = YES;
				CLANG_WARN_ENUM_CONVERSION = YES;
				CLANG_WARN_INT_CONVERSION = YES;
				CLANG_WARN_OBJC_ROOT_CLASS = YES_ERROR;
				CLANG_WARN_UNREACHABLE_CODE = YES;
				CLANG_WARN__DUPLICATE_METHOD_MATCH = YES;
				"CODE_SIGN_IDENTITY[sdk=iphoneos*]" = "iPhone Developer";
				COPY_PHASE_STRIP = NO;
				DEBUG_INFORMATION_FORMAT = "dwarf-with-dsym";
				ENABLE_STRICT_OBJC_MSGSEND = YES;
				GCC_C_LANGUAGE_STANDARD = gnu99;
				GCC_DYNAMIC_NO_PIC = NO;
				GCC_NO_COMMON_BLOCKS = YES;
				GCC_OPTIMIZATION_LEVEL = 0;
				GCC_PREPROCESSOR_DEFINITIONS = (
					"DEBUG=1",
					"$(inherited)",
				);
				GCC_SYMBOLS_PRIVATE_EXTERN = NO;
				GCC_WARN_64_TO_32_BIT_CONVERSION = YES;
				GCC_WARN_ABOUT_RETURN_TYPE = YES_ERROR;
				GCC_WARN_UNDECLARED_SELECTOR = YES;
				GCC_WARN_UNINITIALIZED_AUTOS = YES_AGGRESSIVE;
				GCC_WARN_UNUSED_FUNCTION = YES;
				GCC_WARN_UNUSED_VARIABLE = YES;
				IPHONEOS_DEPLOYMENT_TARGET = 8.4;
				MTL_ENABLE_DEBUG_INFO = YES;
				ONLY_ACTIVE_ARCH = YES;
				SDKROOT = iphoneos;
				TARGETED_DEVICE_FAMILY = "1,2";
			};
			name = Debug;
		};
		93DB57711B7A0D320044E42C /* Release */ = {
			isa = XCBuildConfiguration;
			buildSettings = {
				ALWAYS_SEARCH_USER_PATHS = NO;
				CLANG_CXX_LANGUAGE_STANDARD = "gnu++0x";
				CLANG_CXX_LIBRARY = "libc++";
				CLANG_ENABLE_MODULES = YES;
				CLANG_ENABLE_OBJC_ARC = YES;
				CLANG_WARN_BOOL_CONVERSION = YES;
				CLANG_WARN_CONSTANT_CONVERSION = YES;
				CLANG_WARN_DIRECT_OBJC_ISA_USAGE = YES_ERROR;
				CLANG_WARN_EMPTY_BODY = YES;
				CLANG_WARN_ENUM_CONVERSION = YES;
				CLANG_WARN_INT_CONVERSION = YES;
				CLANG_WARN_OBJC_ROOT_CLASS = YES_ERROR;
				CLANG_WARN_UNREACHABLE_CODE = YES;
				CLANG_WARN__DUPLICATE_METHOD_MATCH = YES;
				"CODE_SIGN_IDENTITY[sdk=iphoneos*]" = "iPhone Developer";
				COPY_PHASE_STRIP = NO;
				DEBUG_INFORMATION_FORMAT = "dwarf-with-dsym";
				ENABLE_NS_ASSERTIONS = NO;
				ENABLE_STRICT_OBJC_MSGSEND = YES;
				GCC_C_LANGUAGE_STANDARD = gnu99;
				GCC_NO_COMMON_BLOCKS = YES;
				GCC_WARN_64_TO_32_BIT_CONVERSION = YES;
				GCC_WARN_ABOUT_RETURN_TYPE = YES_ERROR;
				GCC_WARN_UNDECLARED_SELECTOR = YES;
				GCC_WARN_UNINITIALIZED_AUTOS = YES_AGGRESSIVE;
				GCC_WARN_UNUSED_FUNCTION = YES;
				GCC_WARN_UNUSED_VARIABLE = YES;
				IPHONEOS_DEPLOYMENT_TARGET = 8.4;
				MTL_ENABLE_DEBUG_INFO = NO;
				SDKROOT = iphoneos;
				TARGETED_DEVICE_FAMILY = "1,2";
				VALIDATE_PRODUCT = YES;
			};
			name = Release;
		};
		93DB57731B7A0D320044E42C /* Debug */ = {
			isa = XCBuildConfiguration;
			buildSettings = {
				ASSETCATALOG_COMPILER_APPICON_NAME = AppIcon;
				FRAMEWORK_SEARCH_PATHS = (
					"$(inherited)",
					"$(PROJECT_DIR)",
					"/Users/congnc-macpro/Desktop",
				);
				INFOPLIST_FILE = "FIDynamicViewController-Example/Info.plist";
				LD_RUNPATH_SEARCH_PATHS = "$(inherited) @executable_path/Frameworks";
				PRODUCT_NAME = "$(TARGET_NAME)";
			};
			name = Debug;
		};
		93DB57741B7A0D320044E42C /* Release */ = {
			isa = XCBuildConfiguration;
			buildSettings = {
				ASSETCATALOG_COMPILER_APPICON_NAME = AppIcon;
				FRAMEWORK_SEARCH_PATHS = (
					"$(inherited)",
					"$(PROJECT_DIR)",
					"/Users/congnc-macpro/Desktop",
				);
				INFOPLIST_FILE = "FIDynamicViewController-Example/Info.plist";
				LD_RUNPATH_SEARCH_PATHS = "$(inherited) @executable_path/Frameworks";
				PRODUCT_NAME = "$(TARGET_NAME)";
			};
			name = Release;
		};
		93DB57761B7A0D320044E42C /* Debug */ = {
			isa = XCBuildConfiguration;
			buildSettings = {
				BUNDLE_LOADER = "$(TEST_HOST)";
				FRAMEWORK_SEARCH_PATHS = (
					"$(SDKROOT)/Developer/Library/Frameworks",
					"$(inherited)",
				);
				GCC_PREPROCESSOR_DEFINITIONS = (
					"DEBUG=1",
					"$(inherited)",
				);
				INFOPLIST_FILE = "FIDynamicViewController-ExampleTests/Info.plist";
				LD_RUNPATH_SEARCH_PATHS = "$(inherited) @executable_path/Frameworks @loader_path/Frameworks";
				PRODUCT_NAME = "$(TARGET_NAME)";
				TEST_HOST = "$(BUILT_PRODUCTS_DIR)/FIDynamicViewController-Example.app/FIDynamicViewController-Example";
			};
			name = Debug;
		};
		93DB57771B7A0D320044E42C /* Release */ = {
			isa = XCBuildConfiguration;
			buildSettings = {
				BUNDLE_LOADER = "$(TEST_HOST)";
				FRAMEWORK_SEARCH_PATHS = (
					"$(SDKROOT)/Developer/Library/Frameworks",
					"$(inherited)",
				);
				INFOPLIST_FILE = "FIDynamicViewController-ExampleTests/Info.plist";
				LD_RUNPATH_SEARCH_PATHS = "$(inherited) @executable_path/Frameworks @loader_path/Frameworks";
				PRODUCT_NAME = "$(TARGET_NAME)";
				TEST_HOST = "$(BUILT_PRODUCTS_DIR)/FIDynamicViewController-Example.app/FIDynamicViewController-Example";
			};
			name = Release;
		};
/* End XCBuildConfiguration section */

/* Begin XCConfigurationList section */
		93DB574A1B7A0D320044E42C /* Build configuration list for PBXProject "FIDynamicViewController-Example" */ = {
			isa = XCConfigurationList;
			buildConfigurations = (
				93DB57701B7A0D320044E42C /* Debug */,
				93DB57711B7A0D320044E42C /* Release */,
			);
			defaultConfigurationIsVisible = 0;
			defaultConfigurationName = Release;
		};
		93DB57721B7A0D320044E42C /* Build configuration list for PBXNativeTarget "FIDynamicViewController-Example" */ = {
			isa = XCConfigurationList;
			buildConfigurations = (
				93DB57731B7A0D320044E42C /* Debug */,
				93DB57741B7A0D320044E42C /* Release */,
			);
			defaultConfigurationIsVisible = 0;
			defaultConfigurationName = Release;
		};
		93DB57751B7A0D320044E42C /* Build configuration list for PBXNativeTarget "FIDynamicViewController-ExampleTests" */ = {
			isa = XCConfigurationList;
			buildConfigurations = (
				93DB57761B7A0D320044E42C /* Debug */,
				93DB57771B7A0D320044E42C /* Release */,
			);
			defaultConfigurationIsVisible = 0;
			defaultConfigurationName = Release;
		};
/* End XCConfigurationList section */
	};
	rootObject = 93DB57471B7A0D320044E42C /* Project object */;
}
